PODS:
  - CTAssetsPickerController (3.3.2-alpha):
    - PureLayout (~> 3.0.0)
  - PureLayout (3.0.2)

DEPENDENCIES:
  - CTAssetsPickerController (from `.`)

EXTERNAL SOURCES:
  CTAssetsPickerController:
    :path: "."

SPEC CHECKSUMS:
  CTAssetsPickerController: 4434fa2fa4734f128d0185c5cc66eacc4e857929
  PureLayout: 4d550abe49a94f24c2808b9b95db9131685fe4cd

COCOAPODS: 0.38.2
