PODS:
  - CTAssetsPickerController (3.3.2-alpha):
    - PureLayout (~> 3.0.0)
  - PureLayout (3.0.2)

DEPENDENCIES:
  - CTAssetsPickerController (from `.`)

SPEC REPOS:
  https://github.com/cocoapods/specs.git:
    - PureLayout

EXTERNAL SOURCES:
  CTAssetsPickerController:
    :path: "."

SPEC CHECKSUMS:
  CTAssetsPickerController: 4434fa2fa4734f128d0185c5cc66eacc4e857929
  PureLayout: 4d550abe49a94f24c2808b9b95db9131685fe4cd

PODFILE CHECKSUM: 70071bc12f406a91e9e7060f3d2ee9881daea496

COCOAPODS: 1.7.5
